
Microsoft Visual Studio Solution File, Format Version 12.00
# Visual Studio Version 17
VisualStudioVersion = 17.4.33213.308
MinimumVisualStudioVersion = 10.0.40219.1
Project("{9A19103F-16F7-4668-BE54-9A1E7A4F7556}") = "BD", "BD.csproj", "{60BF9159-DAAA-48ED-BC50-5CD91B39E760}"
EndProject
Project("{FAE04EC0-301F-11D3-BF4B-00C04F79EFBC}") = "EntityFrameworkSys", "..\EntityFrameworkSys\EntityFrameworkSys.csproj", "{204D5269-5E3A-49EA-B138-9D8034DF4089}"
EndProject
Global
	GlobalSection(SolutionConfigurationPlatforms) = preSolution
		Debug|Any CPU = Debug|Any CPU
		Release|Any CPU = Release|Any CPU
	EndGlobalSection
	GlobalSection(ProjectConfigurationPlatforms) = postSolution
		{60BF9159-DAAA-48ED-BC50-5CD91B39E760}.Debug|Any CPU.ActiveCfg = Debug|Any CPU
		{60BF9159-DAAA-48ED-BC50-5CD91B39E760}.Debug|Any CPU.Build.0 = Debug|Any CPU
		{60BF9159-DAAA-48ED-BC50-5CD91B39E760}.Release|Any CPU.ActiveCfg = Release|Any CPU
		{60BF9159-DAAA-48ED-BC50-5CD91B39E760}.Release|Any CPU.Build.0 = Release|Any CPU
		{204D5269-5E3A-49EA-B138-9D8034DF4089}.Debug|Any CPU.ActiveCfg = Debug|Any CPU
		{204D5269-5E3A-49EA-B138-9D8034DF4089}.Debug|Any CPU.Build.0 = Debug|Any CPU
		{204D5269-5E3A-49EA-B138-9D8034DF4089}.Release|Any CPU.ActiveCfg = Release|Any CPU
		{204D5269-5E3A-49EA-B138-9D8034DF4089}.Release|Any CPU.Build.0 = Release|Any CPU
	EndGlobalSection
	GlobalSection(SolutionProperties) = preSolution
		HideSolutionNode = FALSE
	EndGlobalSection
	GlobalSection(ExtensibilityGlobals) = postSolution
		SolutionGuid = {B564CB08-EF69-4567-9836-42706D7B150C}
	EndGlobalSection
EndGlobal
